// !$*UTF8*$!
{
	archiveVersion = 1;
	classes = {
	};
	objectVersion = 50;
	objects = {

/* Begin PBXBuildFile section */
		0C8B705822D3DD3800B84F1D /* AppDelegate.swift in Sources */ = {isa = PBXBuildFile; fileRef = 0C8B705722D3DD3800B84F1D /* AppDelegate.swift */; };
		0C8B705D22D3DD3800B84F1D /* Main.storyboard in Resources */ = {isa = PBXBuildFile; fileRef = 0C8B705B22D3DD3800B84F1D /* Main.storyboard */; };
		0C8B705F22D3DD3900B84F1D /* Assets.xcassets in Resources */ = {isa = PBXBuildFile; fileRef = 0C8B705E22D3DD3900B84F1D /* Assets.xcassets */; };
		0C8B706222D3DD3900B84F1D /* LaunchScreen.storyboard in Resources */ = {isa = PBXBuildFile; fileRef = 0C8B706022D3DD3900B84F1D /* LaunchScreen.storyboard */; };
		0C8B707322D3DE7A00B84F1D /* CloudKit.framework in Frameworks */ = {isa = PBXBuildFile; fileRef = 0C8B707222D3DE7A00B84F1D /* CloudKit.framework */; };
		0C8B707522D3DEB800B84F1D /* Entry.swift in Sources */ = {isa = PBXBuildFile; fileRef = 0C8B707422D3DEB800B84F1D /* Entry.swift */; };
		0C8B707722D3E9F700B84F1D /* EntryController.swift in Sources */ = {isa = PBXBuildFile; fileRef = 0C8B707622D3E9F700B84F1D /* EntryController.swift */; };
		0C8B707922D4E82000B84F1D /* EntryListTableViewController.swift in Sources */ = {isa = PBXBuildFile; fileRef = 0C8B707822D4E82000B84F1D /* EntryListTableViewController.swift */; };
		0C8B707B22D4E83600B84F1D /* EntryDetailViewController.swift in Sources */ = {isa = PBXBuildFile; fileRef = 0C8B707A22D4E83600B84F1D /* EntryDetailViewController.swift */; };
		0C8B707E22D4E88800B84F1D /* CloudKitController.swift in Sources */ = {isa = PBXBuildFile; fileRef = 0C8B707D22D4E88800B84F1D /* CloudKitController.swift */; };
/* End PBXBuildFile section */

/* Begin PBXFileReference section */
		0C8B705422D3DD3800B84F1D /* JournalCK27.app */ = {isa = PBXFileReference; explicitFileType = wrapper.application; includeInIndex = 0; path = JournalCK27.app; sourceTree = BUILT_PRODUCTS_DIR; };
		0C8B705722D3DD3800B84F1D /* AppDelegate.swift */ = {isa = PBXFileReference; lastKnownFileType = sourcecode.swift; path = AppDelegate.swift; sourceTree = "<group>"; };
		0C8B705C22D3DD3800B84F1D /* Base */ = {isa = PBXFileReference; lastKnownFileType = file.storyboard; name = Base; path = Base.lproj/Main.storyboard; sourceTree = "<group>"; };
		0C8B705E22D3DD3900B84F1D /* Assets.xcassets */ = {isa = PBXFileReference; lastKnownFileType = folder.assetcatalog; path = Assets.xcassets; sourceTree = "<group>"; };
		0C8B706122D3DD3900B84F1D /* Base */ = {isa = PBXFileReference; lastKnownFileType = file.storyboard; name = Base; path = Base.lproj/LaunchScreen.storyboard; sourceTree = "<group>"; };
		0C8B706322D3DD3900B84F1D /* Info.plist */ = {isa = PBXFileReference; lastKnownFileType = text.plist.xml; path = Info.plist; sourceTree = "<group>"; };
		0C8B707022D3DE7800B84F1D /* JournalCK27.entitlements */ = {isa = PBXFileReference; lastKnownFileType = text.plist.entitlements; path = JournalCK27.entitlements; sourceTree = "<group>"; };
		0C8B707222D3DE7A00B84F1D /* CloudKit.framework */ = {isa = PBXFileReference; lastKnownFileType = wrapper.framework; name = CloudKit.framework; path = System/Library/Frameworks/CloudKit.framework; sourceTree = SDKROOT; };
		0C8B707422D3DEB800B84F1D /* Entry.swift */ = {isa = PBXFileReference; lastKnownFileType = sourcecode.swift; path = Entry.swift; sourceTree = "<group>"; };
		0C8B707622D3E9F700B84F1D /* EntryController.swift */ = {isa = PBXFileReference; lastKnownFileType = sourcecode.swift; path = EntryController.swift; sourceTree = "<group>"; };
		0C8B707822D4E82000B84F1D /* EntryListTableViewController.swift */ = {isa = PBXFileReference; lastKnownFileType = sourcecode.swift; path = EntryListTableViewController.swift; sourceTree = "<group>"; };
		0C8B707A22D4E83600B84F1D /* EntryDetailViewController.swift */ = {isa = PBXFileReference; lastKnownFileType = sourcecode.swift; path = EntryDetailViewController.swift; sourceTree = "<group>"; };
		0C8B707D22D4E88800B84F1D /* CloudKitController.swift */ = {isa = PBXFileReference; lastKnownFileType = sourcecode.swift; path = CloudKitController.swift; sourceTree = "<group>"; };
/* End PBXFileReference section */

/* Begin PBXFrameworksBuildPhase section */
		0C8B705122D3DD3800B84F1D /* Frameworks */ = {
			isa = PBXFrameworksBuildPhase;
			buildActionMask = 2147483647;
			files = (
				0C8B707322D3DE7A00B84F1D /* CloudKit.framework in Frameworks */,
			);
			runOnlyForDeploymentPostprocessing = 0;
		};
/* End PBXFrameworksBuildPhase section */

/* Begin PBXGroup section */
		0C8B704B22D3DD3800B84F1D = {
			isa = PBXGroup;
			children = (
				0C8B705622D3DD3800B84F1D /* JournalCK27 */,
				0C8B705522D3DD3800B84F1D /* Products */,
				0C8B707122D3DE7A00B84F1D /* Frameworks */,
			);
			sourceTree = "<group>";
		};
		0C8B705522D3DD3800B84F1D /* Products */ = {
			isa = PBXGroup;
			children = (
				0C8B705422D3DD3800B84F1D /* JournalCK27.app */,
			);
			name = Products;
			sourceTree = "<group>";
		};
		0C8B705622D3DD3800B84F1D /* JournalCK27 */ = {
			isa = PBXGroup;
			children = (
				0C8B707022D3DE7800B84F1D /* JournalCK27.entitlements */,
				0C8B706D22D3DD8800B84F1D /* MODELS */,
				0C8B706C22D3DD8100B84F1D /* VIEWS */,
				0C8B706B22D3DD7000B84F1D /* CONTROLLERS */,
				0C8B706922D3DD4600B84F1D /* RESOURCES */,
			);
			path = JournalCK27;
			sourceTree = "<group>";
		};
		0C8B706922D3DD4600B84F1D /* RESOURCES */ = {
			isa = PBXGroup;
			children = (
				0C8B705722D3DD3800B84F1D /* AppDelegate.swift */,
				0C8B705E22D3DD3900B84F1D /* Assets.xcassets */,
				0C8B706322D3DD3900B84F1D /* Info.plist */,
			);
			path = RESOURCES;
			sourceTree = "<group>";
		};
		0C8B706A22D3DD5F00B84F1D /* STORYBOARDS */ = {
			isa = PBXGroup;
			children = (
				0C8B705B22D3DD3800B84F1D /* Main.storyboard */,
				0C8B706022D3DD3900B84F1D /* LaunchScreen.storyboard */,
			);
			path = STORYBOARDS;
			sourceTree = "<group>";
		};
		0C8B706B22D3DD7000B84F1D /* CONTROLLERS */ = {
			isa = PBXGroup;
			children = (
				0C8B707C22D4E85A00B84F1D /* HELPERS + CONTROLLERS */,
				0C8B706F22D3DD9600B84F1D /* MODEL CONTROLLERS */,
				0C8B706E22D3DD8E00B84F1D /* VIEW CONTROLLERS */,
			);
			path = CONTROLLERS;
			sourceTree = "<group>";
		};
		0C8B706C22D3DD8100B84F1D /* VIEWS */ = {
			isa = PBXGroup;
			children = (
				0C8B706A22D3DD5F00B84F1D /* STORYBOARDS */,
			);
			path = VIEWS;
			sourceTree = "<group>";
		};
		0C8B706D22D3DD8800B84F1D /* MODELS */ = {
			isa = PBXGroup;
			children = (
				0C8B707422D3DEB800B84F1D /* Entry.swift */,
			);
			path = MODELS;
			sourceTree = "<group>";
		};
		0C8B706E22D3DD8E00B84F1D /* VIEW CONTROLLERS */ = {
			isa = PBXGroup;
			children = (
				0C8B707822D4E82000B84F1D /* EntryListTableViewController.swift */,
				0C8B707A22D4E83600B84F1D /* EntryDetailViewController.swift */,
			);
			path = "VIEW CONTROLLERS";
			sourceTree = "<group>";
		};
		0C8B706F22D3DD9600B84F1D /* MODEL CONTROLLERS */ = {
			isa = PBXGroup;
			children = (
				0C8B707622D3E9F700B84F1D /* EntryController.swift */,
			);
			path = "MODEL CONTROLLERS";
			sourceTree = "<group>";
		};
		0C8B707122D3DE7A00B84F1D /* Frameworks */ = {
			isa = PBXGroup;
			children = (
				0C8B707222D3DE7A00B84F1D /* CloudKit.framework */,
			);
			name = Frameworks;
			sourceTree = "<group>";
		};
		0C8B707C22D4E85A00B84F1D /* HELPERS + CONTROLLERS */ = {
			isa = PBXGroup;
			children = (
				0C8B707D22D4E88800B84F1D /* CloudKitController.swift */,
			);
			path = "HELPERS + CONTROLLERS";
			sourceTree = "<group>";
		};
/* End PBXGroup section */

/* Begin PBXNativeTarget section */
		0C8B705322D3DD3800B84F1D /* JournalCK27 */ = {
			isa = PBXNativeTarget;
			buildConfigurationList = 0C8B706622D3DD3900B84F1D /* Build configuration list for PBXNativeTarget "JournalCK27" */;
			buildPhases = (
				0C8B705022D3DD3800B84F1D /* Sources */,
				0C8B705122D3DD3800B84F1D /* Frameworks */,
				0C8B705222D3DD3800B84F1D /* Resources */,
			);
			buildRules = (
			);
			dependencies = (
			);
			name = JournalCK27;
			productName = JournalCK27;
			productReference = 0C8B705422D3DD3800B84F1D /* JournalCK27.app */;
			productType = "com.apple.product-type.application";
		};
/* End PBXNativeTarget section */

/* Begin PBXProject section */
		0C8B704C22D3DD3800B84F1D /* Project object */ = {
			isa = PBXProject;
			attributes = {
				LastSwiftUpdateCheck = 1020;
				LastUpgradeCheck = 1020;
				ORGANIZATIONNAME = "Austin West";
				TargetAttributes = {
					0C8B705322D3DD3800B84F1D = {
						CreatedOnToolsVersion = 10.2.1;
						SystemCapabilities = {
							com.apple.Push = {
								enabled = 1;
							};
							com.apple.iCloud = {
								enabled = 1;
							};
						};
					};
				};
			};
			buildConfigurationList = 0C8B704F22D3DD3800B84F1D /* Build configuration list for PBXProject "JournalCK27" */;
			compatibilityVersion = "Xcode 9.3";
			developmentRegion = en;
			hasScannedForEncodings = 0;
			knownRegions = (
				en,
				Base,
			);
			mainGroup = 0C8B704B22D3DD3800B84F1D;
			productRefGroup = 0C8B705522D3DD3800B84F1D /* Products */;
			projectDirPath = "";
			projectRoot = "";
			targets = (
				0C8B705322D3DD3800B84F1D /* JournalCK27 */,
			);
		};
/* End PBXProject section */

/* Begin PBXResourcesBuildPhase section */
		0C8B705222D3DD3800B84F1D /* Resources */ = {
			isa = PBXResourcesBuildPhase;
			buildActionMask = 2147483647;
			files = (
				0C8B706222D3DD3900B84F1D /* LaunchScreen.storyboard in Resources */,
				0C8B705F22D3DD3900B84F1D /* Assets.xcassets in Resources */,
				0C8B705D22D3DD3800B84F1D /* Main.storyboard in Resources */,
			);
			runOnlyForDeploymentPostprocessing = 0;
		};
/* End PBXResourcesBuildPhase section */

/* Begin PBXSourcesBuildPhase section */
		0C8B705022D3DD3800B84F1D /* Sources */ = {
			isa = PBXSourcesBuildPhase;
			buildActionMask = 2147483647;
			files = (
				0C8B707722D3E9F700B84F1D /* EntryController.swift in Sources */,
				0C8B707522D3DEB800B84F1D /* Entry.swift in Sources */,
				0C8B707922D4E82000B84F1D /* EntryListTableViewController.swift in Sources */,
				0C8B707B22D4E83600B84F1D /* EntryDetailViewController.swift in Sources */,
				0C8B707E22D4E88800B84F1D /* CloudKitController.swift in Sources */,
				0C8B705822D3DD3800B84F1D /* AppDelegate.swift in Sources */,
			);
			runOnlyForDeploymentPostprocessing = 0;
		};
/* End PBXSourcesBuildPhase section */

/* Begin PBXVariantGroup section */
		0C8B705B22D3DD3800B84F1D /* Main.storyboard */ = {
			isa = PBXVariantGroup;
			children = (
				0C8B705C22D3DD3800B84F1D /* Base */,
			);
			name = Main.storyboard;
			sourceTree = "<group>";
		};
		0C8B706022D3DD3900B84F1D /* LaunchScreen.storyboard */ = {
			isa = PBXVariantGroup;
			children = (
				0C8B706122D3DD3900B84F1D /* Base */,
			);
			name = LaunchScreen.storyboard;
			sourceTree = "<group>";
		};
/* End PBXVariantGroup section */

/* Begin XCBuildConfiguration section */
		0C8B706422D3DD3900B84F1D /* Debug */ = {
			isa = XCBuildConfiguration;
			buildSettings = {
				ALWAYS_SEARCH_USER_PATHS = NO;
				CLANG_ANALYZER_NONNULL = YES;
				CLANG_ANALYZER_NUMBER_OBJECT_CONVERSION = YES_AGGRESSIVE;
				CLANG_CXX_LANGUAGE_STANDARD = "gnu++14";
				CLANG_CXX_LIBRARY = "libc++";
				CLANG_ENABLE_MODULES = YES;
				CLANG_ENABLE_OBJC_ARC = YES;
				CLANG_ENABLE_OBJC_WEAK = YES;
				CLANG_WARN_BLOCK_CAPTURE_AUTORELEASING = YES;
				CLANG_WARN_BOOL_CONVERSION = YES;
				CLANG_WARN_COMMA = YES;
				CLANG_WARN_CONSTANT_CONVERSION = YES;
				CLANG_WARN_DEPRECATED_OBJC_IMPLEMENTATIONS = YES;
				CLANG_WARN_DIRECT_OBJC_ISA_USAGE = YES_ERROR;
				CLANG_WARN_DOCUMENTATION_COMMENTS = YES;
				CLANG_WARN_EMPTY_BODY = YES;
				CLANG_WARN_ENUM_CONVERSION = YES;
				CLANG_WARN_INFINITE_RECURSION = YES;
				CLANG_WARN_INT_CONVERSION = YES;
				CLANG_WARN_NON_LITERAL_NULL_CONVERSION = YES;
				CLANG_WARN_OBJC_IMPLICIT_RETAIN_SELF = YES;
				CLANG_WARN_OBJC_LITERAL_CONVERSION = YES;
				CLANG_WARN_OBJC_ROOT_CLASS = YES_ERROR;
				CLANG_WARN_RANGE_LOOP_ANALYSIS = YES;
				CLANG_WARN_STRICT_PROTOTYPES = YES;
				CLANG_WARN_SUSPICIOUS_MOVE = YES;
				CLANG_WARN_UNGUARDED_AVAILABILITY = YES_AGGRESSIVE;
				CLANG_WARN_UNREACHABLE_CODE = YES;
				CLANG_WARN__DUPLICATE_METHOD_MATCH = YES;
				CODE_SIGN_IDENTITY = "iPhone Developer";
				COPY_PHASE_STRIP = NO;
				DEBUG_INFORMATION_FORMAT = dwarf;
				ENABLE_STRICT_OBJC_MSGSEND = YES;
				ENABLE_TESTABILITY = YES;
				GCC_C_LANGUAGE_STANDARD = gnu11;
				GCC_DYNAMIC_NO_PIC = NO;
				GCC_NO_COMMON_BLOCKS = YES;
				GCC_OPTIMIZATION_LEVEL = 0;
				GCC_PREPROCESSOR_DEFINITIONS = (
					"DEBUG=1",
					"$(inherited)",
				);
				GCC_WARN_64_TO_32_BIT_CONVERSION = YES;
				GCC_WARN_ABOUT_RETURN_TYPE = YES_ERROR;
				GCC_WARN_UNDECLARED_SELECTOR = YES;
				GCC_WARN_UNINITIALIZED_AUTOS = YES_AGGRESSIVE;
				GCC_WARN_UNUSED_FUNCTION = YES;
				GCC_WARN_UNUSED_VARIABLE = YES;
				IPHONEOS_DEPLOYMENT_TARGET = 12.2;
				MTL_ENABLE_DEBUG_INFO = INCLUDE_SOURCE;
				MTL_FAST_MATH = YES;
				ONLY_ACTIVE_ARCH = YES;
				SDKROOT = iphoneos;
				SWIFT_ACTIVE_COMPILATION_CONDITIONS = DEBUG;
				SWIFT_OPTIMIZATION_LEVEL = "-Onone";
			};
			name = Debug;
		};
		0C8B706522D3DD3900B84F1D /* Release */ = {
			isa = XCBuildConfiguration;
			buildSettings = {
				ALWAYS_SEARCH_USER_PATHS = NO;
				CLANG_ANALYZER_NONNULL = YES;
				CLANG_ANALYZER_NUMBER_OBJECT_CONVERSION = YES_AGGRESSIVE;
				CLANG_CXX_LANGUAGE_STANDARD = "gnu++14";
				CLANG_CXX_LIBRARY = "libc++";
				CLANG_ENABLE_MODULES = YES;
				CLANG_ENABLE_OBJC_ARC = YES;
				CLANG_ENABLE_OBJC_WEAK = YES;
				CLANG_WARN_BLOCK_CAPTURE_AUTORELEASING = YES;
				CLANG_WARN_BOOL_CONVERSION = YES;
				CLANG_WARN_COMMA = YES;
				CLANG_WARN_CONSTANT_CONVERSION = YES;
				CLANG_WARN_DEPRECATED_OBJC_IMPLEMENTATIONS = YES;
				CLANG_WARN_DIRECT_OBJC_ISA_USAGE = YES_ERROR;
				CLANG_WARN_DOCUMENTATION_COMMENTS = YES;
				CLANG_WARN_EMPTY_BODY = YES;
				CLANG_WARN_ENUM_CONVERSION = YES;
				CLANG_WARN_INFINITE_RECURSION = YES;
				CLANG_WARN_INT_CONVERSION = YES;
				CLANG_WARN_NON_LITERAL_NULL_CONVERSION = YES;
				CLANG_WARN_OBJC_IMPLICIT_RETAIN_SELF = YES;
				CLANG_WARN_OBJC_LITERAL_CONVERSION = YES;
				CLANG_WARN_OBJC_ROOT_CLASS = YES_ERROR;
				CLANG_WARN_RANGE_LOOP_ANALYSIS = YES;
				CLANG_WARN_STRICT_PROTOTYPES = YES;
				CLANG_WARN_SUSPICIOUS_MOVE = YES;
				CLANG_WARN_UNGUARDED_AVAILABILITY = YES_AGGRESSIVE;
				CLANG_WARN_UNREACHABLE_CODE = YES;
				CLANG_WARN__DUPLICATE_METHOD_MATCH = YES;
				CODE_SIGN_IDENTITY = "iPhone Developer";
				COPY_PHASE_STRIP = NO;
				DEBUG_INFORMATION_FORMAT = "dwarf-with-dsym";
				ENABLE_NS_ASSERTIONS = NO;
				ENABLE_STRICT_OBJC_MSGSEND = YES;
				GCC_C_LANGUAGE_STANDARD = gnu11;
				GCC_NO_COMMON_BLOCKS = YES;
				GCC_WARN_64_TO_32_BIT_CONVERSION = YES;
				GCC_WARN_ABOUT_RETURN_TYPE = YES_ERROR;
				GCC_WARN_UNDECLARED_SELECTOR = YES;
				GCC_WARN_UNINITIALIZED_AUTOS = YES_AGGRESSIVE;
				GCC_WARN_UNUSED_FUNCTION = YES;
				GCC_WARN_UNUSED_VARIABLE = YES;
				IPHONEOS_DEPLOYMENT_TARGET = 12.2;
				MTL_ENABLE_DEBUG_INFO = NO;
				MTL_FAST_MATH = YES;
				SDKROOT = iphoneos;
				SWIFT_COMPILATION_MODE = wholemodule;
				SWIFT_OPTIMIZATION_LEVEL = "-O";
				VALIDATE_PRODUCT = YES;
			};
			name = Release;
		};
		0C8B706722D3DD3900B84F1D /* Debug */ = {
			isa = XCBuildConfiguration;
			buildSettings = {
				ASSETCATALOG_COMPILER_APPICON_NAME = AppIcon;
				CODE_SIGN_ENTITLEMENTS = JournalCK27/JournalCK27.entitlements;
				CODE_SIGN_STYLE = Automatic;
				DEVELOPMENT_TEAM = 5Z9AZ3J86W;
				INFOPLIST_FILE = "$(SRCROOT)/JournalCK27/RESOURCES/Info.plist";
				LD_RUNPATH_SEARCH_PATHS = (
					"$(inherited)",
					"@executable_path/Frameworks",
				);
				PRODUCT_BUNDLE_IDENTIFIER = com.AustinWest.JournalCK27;
				PRODUCT_NAME = "$(TARGET_NAME)";
				SWIFT_VERSION = 5.0;
				TARGETED_DEVICE_FAMILY = "1,2";
			};
			name = Debug;
		};
		0C8B706822D3DD3900B84F1D /* Release */ = {
			isa = XCBuildConfiguration;
			buildSettings = {
				ASSETCATALOG_COMPILER_APPICON_NAME = AppIcon;
				CODE_SIGN_ENTITLEMENTS = JournalCK27/JournalCK27.entitlements;
				CODE_SIGN_STYLE = Automatic;
				DEVELOPMENT_TEAM = 5Z9AZ3J86W;
				INFOPLIST_FILE = "$(SRCROOT)/JournalCK27/RESOURCES/Info.plist";
				LD_RUNPATH_SEARCH_PATHS = (
					"$(inherited)",
					"@executable_path/Frameworks",
				);
				PRODUCT_BUNDLE_IDENTIFIER = com.AustinWest.JournalCK27;
				PRODUCT_NAME = "$(TARGET_NAME)";
				SWIFT_VERSION = 5.0;
				TARGETED_DEVICE_FAMILY = "1,2";
			};
			name = Release;
		};
/* End XCBuildConfiguration section */

/* Begin XCConfigurationList section */
		0C8B704F22D3DD3800B84F1D /* Build configuration list for PBXProject "JournalCK27" */ = {
			isa = XCConfigurationList;
			buildConfigurations = (
				0C8B706422D3DD3900B84F1D /* Debug */,
				0C8B706522D3DD3900B84F1D /* Release */,
			);
			defaultConfigurationIsVisible = 0;
			defaultConfigurationName = Release;
		};
		0C8B706622D3DD3900B84F1D /* Build configuration list for PBXNativeTarget "JournalCK27" */ = {
			isa = XCConfigurationList;
			buildConfigurations = (
				0C8B706722D3DD3900B84F1D /* Debug */,
				0C8B706822D3DD3900B84F1D /* Release */,
			);
			defaultConfigurationIsVisible = 0;
			defaultConfigurationName = Release;
		};
/* End XCConfigurationList section */
	};
	rootObject = 0C8B704C22D3DD3800B84F1D /* Project object */;
}
